// !$*UTF8*$!
{
	archiveVersion = 1;
	classes = {
	};
	objectVersion = 77;
	objects = {

/* Begin PBXBuildFile section */
		91AACF2B2E1FB88100861DB5 /* RxBlocking in Frameworks */ = {isa = PBXBuildFile; productRef = 91AACF2A2E1FB88100861DB5 /* RxBlocking */; };
		91AACF2D2E1FB88100861DB5 /* RxCocoa in Frameworks */ = {isa = PBXBuildFile; productRef = 91AACF2C2E1FB88100861DB5 /* RxCocoa */; };
		91AACF2F2E1FB88100861DB5 /* RxRelay in Frameworks */ = {isa = PBXBuildFile; productRef = 91AACF2E2E1FB88100861DB5 /* RxRelay */; };
		91AACF5C2E212C3400861DB5 /* Secrets.xcconfig in Resources */ = {isa = PBXBuildFile; fileRef = 91AACF5B2E212C3400861DB5 /* Secrets.xcconfig */; };
/* End PBXBuildFile section */

/* Begin PBXContainerItemProxy section */
		91AACEF82E1F546E00861DB5 /* PBXContainerItemProxy */ = {
			isa = PBXContainerItemProxy;
			containerPortal = 91AACEDD2E1F546C00861DB5 /* Project object */;
			proxyType = 1;
			remoteGlobalIDString = 91AACEE42E1F546C00861DB5;
			remoteInfo = BookSearchApp;
		};
		91AACF022E1F546E00861DB5 /* PBXContainerItemProxy */ = {
			isa = PBXContainerItemProxy;
			containerPortal = 91AACEDD2E1F546C00861DB5 /* Project object */;
			proxyType = 1;
			remoteGlobalIDString = 91AACEE42E1F546C00861DB5;
			remoteInfo = BookSearchApp;
		};
/* End PBXContainerItemProxy section */

/* Begin PBXFileReference section */
		91AACEE52E1F546C00861DB5 /* BookSearchApp.app */ = {isa = PBXFileReference; explicitFileType = wrapper.application; includeInIndex = 0; path = BookSearchApp.app; sourceTree = BUILT_PRODUCTS_DIR; };
		91AACEF72E1F546E00861DB5 /* BookSearchAppTests.xctest */ = {isa = PBXFileReference; explicitFileType = wrapper.cfbundle; includeInIndex = 0; path = BookSearchAppTests.xctest; sourceTree = BUILT_PRODUCTS_DIR; };
		91AACF012E1F546E00861DB5 /* BookSearchAppUITests.xctest */ = {isa = PBXFileReference; explicitFileType = wrapper.cfbundle; includeInIndex = 0; path = BookSearchAppUITests.xctest; sourceTree = BUILT_PRODUCTS_DIR; };
		91AACF5B2E212C3400861DB5 /* Secrets.xcconfig */ = {isa = PBXFileReference; lastKnownFileType = text.xcconfig; path = Secrets.xcconfig; sourceTree = "<group>"; };
/* End PBXFileReference section */

/* Begin PBXFileSystemSynchronizedBuildFileExceptionSet section */
		91AACF402E20A0DF00861DB5 /* Exceptions for "BookSearchApp" folder in "BookSearchApp" target */ = {
			isa = PBXFileSystemSynchronizedBuildFileExceptionSet;
			membershipExceptions = (
				Info.plist,
			);
			target = 91AACEE42E1F546C00861DB5 /* BookSearchApp */;
		};
/* End PBXFileSystemSynchronizedBuildFileExceptionSet section */

/* Begin PBXFileSystemSynchronizedRootGroup section */
		91AACEE72E1F546C00861DB5 /* BookSearchApp */ = {
			isa = PBXFileSystemSynchronizedRootGroup;
			exceptions = (
				91AACF402E20A0DF00861DB5 /* Exceptions for "BookSearchApp" folder in "BookSearchApp" target */,
			);
			path = BookSearchApp;
			sourceTree = "<group>";
		};
		91AACEFA2E1F546E00861DB5 /* BookSearchAppTests */ = {
			isa = PBXFileSystemSynchronizedRootGroup;
			path = BookSearchAppTests;
			sourceTree = "<group>";
		};
		91AACF042E1F546E00861DB5 /* BookSearchAppUITests */ = {
			isa = PBXFileSystemSynchronizedRootGroup;
			path = BookSearchAppUITests;
			sourceTree = "<group>";
		};
/* End PBXFileSystemSynchronizedRootGroup section */

/* Begin PBXFrameworksBuildPhase section */
		91AACEE22E1F546C00861DB5 /* Frameworks */ = {
			isa = PBXFrameworksBuildPhase;
			buildActionMask = 2147483647;
			files = (
				91AACF2F2E1FB88100861DB5 /* RxRelay in Frameworks */,
				91AACF2D2E1FB88100861DB5 /* RxCocoa in Frameworks */,
				91AACF2B2E1FB88100861DB5 /* RxBlocking in Frameworks */,
			);
			runOnlyForDeploymentPostprocessing = 0;
		};
		91AACEF42E1F546E00861DB5 /* Frameworks */ = {
			isa = PBXFrameworksBuildPhase;
			buildActionMask = 2147483647;
			files = (
			);
			runOnlyForDeploymentPostprocessing = 0;
		};
		91AACEFE2E1F546E00861DB5 /* Frameworks */ = {
			isa = PBXFrameworksBuildPhase;
			buildActionMask = 2147483647;
			files = (
			);
			runOnlyForDeploymentPostprocessing = 0;
		};
/* End PBXFrameworksBuildPhase section */

/* Begin PBXGroup section */
		91AACEDC2E1F546C00861DB5 = {
			isa = PBXGroup;
			children = (
				91AACF5B2E212C3400861DB5 /* Secrets.xcconfig */,
				91AACEE72E1F546C00861DB5 /* BookSearchApp */,
				91AACEFA2E1F546E00861DB5 /* BookSearchAppTests */,
				91AACF042E1F546E00861DB5 /* BookSearchAppUITests */,
				91AACEE62E1F546C00861DB5 /* Products */,
			);
			sourceTree = "<group>";
		};
		91AACEE62E1F546C00861DB5 /* Products */ = {
			isa = PBXGroup;
			children = (
				91AACEE52E1F546C00861DB5 /* BookSearchApp.app */,
				91AACEF72E1F546E00861DB5 /* BookSearchAppTests.xctest */,
				91AACF012E1F546E00861DB5 /* BookSearchAppUITests.xctest */,
			);
			name = Products;
			sourceTree = "<group>";
		};
/* End PBXGroup section */

/* Begin PBXNativeTarget section */
		91AACEE42E1F546C00861DB5 /* BookSearchApp */ = {
			isa = PBXNativeTarget;
			buildConfigurationList = 91AACF0B2E1F546E00861DB5 /* Build configuration list for PBXNativeTarget "BookSearchApp" */;
			buildPhases = (
				91AACEE12E1F546C00861DB5 /* Sources */,
				91AACEE22E1F546C00861DB5 /* Frameworks */,
				91AACEE32E1F546C00861DB5 /* Resources */,
			);
			buildRules = (
			);
			dependencies = (
			);
			fileSystemSynchronizedGroups = (
				91AACEE72E1F546C00861DB5 /* BookSearchApp */,
			);
			name = BookSearchApp;
			packageProductDependencies = (
				91AACF2A2E1FB88100861DB5 /* RxBlocking */,
				91AACF2C2E1FB88100861DB5 /* RxCocoa */,
				91AACF2E2E1FB88100861DB5 /* RxRelay */,
			);
			productName = BookSearchApp;
			productReference = 91AACEE52E1F546C00861DB5 /* BookSearchApp.app */;
			productType = "com.apple.product-type.application";
		};
		91AACEF62E1F546E00861DB5 /* BookSearchAppTests */ = {
			isa = PBXNativeTarget;
			buildConfigurationList = 91AACF0E2E1F546E00861DB5 /* Build configuration list for PBXNativeTarget "BookSearchAppTests" */;
			buildPhases = (
				91AACEF32E1F546E00861DB5 /* Sources */,
				91AACEF42E1F546E00861DB5 /* Frameworks */,
				91AACEF52E1F546E00861DB5 /* Resources */,
			);
			buildRules = (
			);
			dependencies = (
				91AACEF92E1F546E00861DB5 /* PBXTargetDependency */,
			);
			fileSystemSynchronizedGroups = (
				91AACEFA2E1F546E00861DB5 /* BookSearchAppTests */,
			);
			name = BookSearchAppTests;
			packageProductDependencies = (
			);
			productName = BookSearchAppTests;
			productReference = 91AACEF72E1F546E00861DB5 /* BookSearchAppTests.xctest */;
			productType = "com.apple.product-type.bundle.unit-test";
		};
		91AACF002E1F546E00861DB5 /* BookSearchAppUITests */ = {
			isa = PBXNativeTarget;
			buildConfigurationList = 91AACF112E1F546E00861DB5 /* Build configuration list for PBXNativeTarget "BookSearchAppUITests" */;
			buildPhases = (
				91AACEFD2E1F546E00861DB5 /* Sources */,
				91AACEFE2E1F546E00861DB5 /* Frameworks */,
				91AACEFF2E1F546E00861DB5 /* Resources */,
			);
			buildRules = (
			);
			dependencies = (
				91AACF032E1F546E00861DB5 /* PBXTargetDependency */,
			);
			fileSystemSynchronizedGroups = (
				91AACF042E1F546E00861DB5 /* BookSearchAppUITests */,
			);
			name = BookSearchAppUITests;
			packageProductDependencies = (
			);
			productName = BookSearchAppUITests;
			productReference = 91AACF012E1F546E00861DB5 /* BookSearchAppUITests.xctest */;
			productType = "com.apple.product-type.bundle.ui-testing";
		};
/* End PBXNativeTarget section */

/* Begin PBXProject section */
		91AACEDD2E1F546C00861DB5 /* Project object */ = {
			isa = PBXProject;
			attributes = {
				BuildIndependentTargetsInParallel = 1;
				LastSwiftUpdateCheck = 1640;
				LastUpgradeCheck = 1640;
				TargetAttributes = {
					91AACEE42E1F546C00861DB5 = {
						CreatedOnToolsVersion = 16.4;
					};
					91AACEF62E1F546E00861DB5 = {
						CreatedOnToolsVersion = 16.4;
						TestTargetID = 91AACEE42E1F546C00861DB5;
					};
					91AACF002E1F546E00861DB5 = {
						CreatedOnToolsVersion = 16.4;
						TestTargetID = 91AACEE42E1F546C00861DB5;
					};
				};
			};
			buildConfigurationList = 91AACEE02E1F546C00861DB5 /* Build configuration list for PBXProject "BookSearchApp" */;
			developmentRegion = en;
			hasScannedForEncodings = 0;
			knownRegions = (
				en,
				Base,
			);
			mainGroup = 91AACEDC2E1F546C00861DB5;
			minimizedProjectReferenceProxies = 1;
			packageReferences = (
				91AACF292E1FB88100861DB5 /* XCRemoteSwiftPackageReference "RxSwift" */,
			);
			preferredProjectObjectVersion = 77;
			productRefGroup = 91AACEE62E1F546C00861DB5 /* Products */;
			projectDirPath = "";
			projectRoot = "";
			targets = (
				91AACEE42E1F546C00861DB5 /* BookSearchApp */,
				91AACEF62E1F546E00861DB5 /* BookSearchAppTests */,
				91AACF002E1F546E00861DB5 /* BookSearchAppUITests */,
			);
		};
/* End PBXProject section */

/* Begin PBXResourcesBuildPhase section */
		91AACEE32E1F546C00861DB5 /* Resources */ = {
			isa = PBXResourcesBuildPhase;
			buildActionMask = 2147483647;
			files = (
				91AACF5C2E212C3400861DB5 /* Secrets.xcconfig in Resources */,
			);
			runOnlyForDeploymentPostprocessing = 0;
		};
		91AACEF52E1F546E00861DB5 /* Resources */ = {
			isa = PBXResourcesBuildPhase;
			buildActionMask = 2147483647;
			files = (
			);
			runOnlyForDeploymentPostprocessing = 0;
		};
		91AACEFF2E1F546E00861DB5 /* Resources */ = {
			isa = PBXResourcesBuildPhase;
			buildActionMask = 2147483647;
			files = (
			);
			runOnlyForDeploymentPostprocessing = 0;
		};
/* End PBXResourcesBuildPhase section */

/* Begin PBXSourcesBuildPhase section */
		91AACEE12E1F546C00861DB5 /* Sources */ = {
			isa = PBXSourcesBuildPhase;
			buildActionMask = 2147483647;
			files = (
			);
			runOnlyForDeploymentPostprocessing = 0;
		};
		91AACEF32E1F546E00861DB5 /* Sources */ = {
			isa = PBXSourcesBuildPhase;
			buildActionMask = 2147483647;
			files = (
			);
			runOnlyForDeploymentPostprocessing = 0;
		};
		91AACEFD2E1F546E00861DB5 /* Sources */ = {
			isa = PBXSourcesBuildPhase;
			buildActionMask = 2147483647;
			files = (
			);
			runOnlyForDeploymentPostprocessing = 0;
		};
/* End PBXSourcesBuildPhase section */

/* Begin PBXTargetDependency section */
		91AACEF92E1F546E00861DB5 /* PBXTargetDependency */ = {
			isa = PBXTargetDependency;
			target = 91AACEE42E1F546C00861DB5 /* BookSearchApp */;
			targetProxy = 91AACEF82E1F546E00861DB5 /* PBXContainerItemProxy */;
		};
		91AACF032E1F546E00861DB5 /* PBXTargetDependency */ = {
			isa = PBXTargetDependency;
			target = 91AACEE42E1F546C00861DB5 /* BookSearchApp */;
			targetProxy = 91AACF022E1F546E00861DB5 /* PBXContainerItemProxy */;
		};
/* End PBXTargetDependency section */

/* Begin XCBuildConfiguration section */
		91AACF092E1F546E00861DB5 /* Debug */ = {
			isa = XCBuildConfiguration;
			baseConfigurationReference = 91AACF5B2E212C3400861DB5 /* Secrets.xcconfig */;
			buildSettings = {
				ALWAYS_SEARCH_USER_PATHS = NO;
				ASSETCATALOG_COMPILER_GENERATE_SWIFT_ASSET_SYMBOL_EXTENSIONS = YES;
				CLANG_ANALYZER_NONNULL = YES;
				CLANG_ANALYZER_NUMBER_OBJECT_CONVERSION = YES_AGGRESSIVE;
				CLANG_CXX_LANGUAGE_STANDARD = "gnu++20";
				CLANG_ENABLE_MODULES = YES;
				CLANG_ENABLE_OBJC_ARC = YES;
				CLANG_ENABLE_OBJC_WEAK = YES;
				CLANG_WARN_BLOCK_CAPTURE_AUTORELEASING = YES;
				CLANG_WARN_BOOL_CONVERSION = YES;
				CLANG_WARN_COMMA = YES;
				CLANG_WARN_CONSTANT_CONVERSION = YES;
				CLANG_WARN_DEPRECATED_OBJC_IMPLEMENTATIONS = YES;
				CLANG_WARN_DIRECT_OBJC_ISA_USAGE = YES_ERROR;
				CLANG_WARN_DOCUMENTATION_COMMENTS = YES;
				CLANG_WARN_EMPTY_BODY = YES;
				CLANG_WARN_ENUM_CONVERSION = YES;
				CLANG_WARN_INFINITE_RECURSION = YES;
				CLANG_WARN_INT_CONVERSION = YES;
				CLANG_WARN_NON_LITERAL_NULL_CONVERSION = YES;
				CLANG_WARN_OBJC_IMPLICIT_RETAIN_SELF = YES;
				CLANG_WARN_OBJC_LITERAL_CONVERSION = YES;
				CLANG_WARN_OBJC_ROOT_CLASS = YES_ERROR;
				CLANG_WARN_QUOTED_INCLUDE_IN_FRAMEWORK_HEADER = YES;
				CLANG_WARN_RANGE_LOOP_ANALYSIS = YES;
				CLANG_WARN_STRICT_PROTOTYPES = YES;
				CLANG_WARN_SUSPICIOUS_MOVE = YES;
				CLANG_WARN_UNGUARDED_AVAILABILITY = YES_AGGRESSIVE;
				CLANG_WARN_UNREACHABLE_CODE = YES;
				CLANG_WARN__DUPLICATE_METHOD_MATCH = YES;
				COPY_PHASE_STRIP = NO;
				DEBUG_INFORMATION_FORMAT = dwarf;
				DEVELOPMENT_TEAM = M3KH86595Z;
				ENABLE_STRICT_OBJC_MSGSEND = YES;
				ENABLE_TESTABILITY = YES;
				ENABLE_USER_SCRIPT_SANDBOXING = YES;
				GCC_C_LANGUAGE_STANDARD = gnu17;
				GCC_DYNAMIC_NO_PIC = NO;
				GCC_NO_COMMON_BLOCKS = YES;
				GCC_OPTIMIZATION_LEVEL = 0;
				GCC_PREPROCESSOR_DEFINITIONS = (
					"DEBUG=1",
					"$(inherited)",
				);
				GCC_WARN_64_TO_32_BIT_CONVERSION = YES;
				GCC_WARN_ABOUT_RETURN_TYPE = YES_ERROR;
				GCC_WARN_UNDECLARED_SELECTOR = YES;
				GCC_WARN_UNINITIALIZED_AUTOS = YES_AGGRESSIVE;
				GCC_WARN_UNUSED_FUNCTION = YES;
				GCC_WARN_UNUSED_VARIABLE = YES;
				IPHONEOS_DEPLOYMENT_TARGET = 18.5;
				KAKAO_API_KEY = "${KAKAO_API_KEY}";
				LOCALIZATION_PREFERS_STRING_CATALOGS = YES;
				MTL_ENABLE_DEBUG_INFO = INCLUDE_SOURCE;
				MTL_FAST_MATH = YES;
				ONLY_ACTIVE_ARCH = YES;
				SDKROOT = iphoneos;
				SWIFT_ACTIVE_COMPILATION_CONDITIONS = "DEBUG $(inherited)";
				SWIFT_OPTIMIZATION_LEVEL = "-Onone";
			};
			name = Debug;
		};
		91AACF0A2E1F546E00861DB5 /* Release */ = {
			isa = XCBuildConfiguration;
			baseConfigurationReference = 91AACF5B2E212C3400861DB5 /* Secrets.xcconfig */;
			buildSettings = {
				ALWAYS_SEARCH_USER_PATHS = NO;
				ASSETCATALOG_COMPILER_GENERATE_SWIFT_ASSET_SYMBOL_EXTENSIONS = YES;
				CLANG_ANALYZER_NONNULL = YES;
				CLANG_ANALYZER_NUMBER_OBJECT_CONVERSION = YES_AGGRESSIVE;
				CLANG_CXX_LANGUAGE_STANDARD = "gnu++20";
				CLANG_ENABLE_MODULES = YES;
				CLANG_ENABLE_OBJC_ARC = YES;
				CLANG_ENABLE_OBJC_WEAK = YES;
				CLANG_WARN_BLOCK_CAPTURE_AUTORELEASING = YES;
				CLANG_WARN_BOOL_CONVERSION = YES;
				CLANG_WARN_COMMA = YES;
				CLANG_WARN_CONSTANT_CONVERSION = YES;
				CLANG_WARN_DEPRECATED_OBJC_IMPLEMENTATIONS = YES;
				CLANG_WARN_DIRECT_OBJC_ISA_USAGE = YES_ERROR;
				CLANG_WARN_DOCUMENTATION_COMMENTS = YES;
				CLANG_WARN_EMPTY_BODY = YES;
				CLANG_WARN_ENUM_CONVERSION = YES;
				CLANG_WARN_INFINITE_RECURSION = YES;
				CLANG_WARN_INT_CONVERSION = YES;
				CLANG_WARN_NON_LITERAL_NULL_CONVERSION = YES;
				CLANG_WARN_OBJC_IMPLICIT_RETAIN_SELF = YES;
				CLANG_WARN_OBJC_LITERAL_CONVERSION = YES;
				CLANG_WARN_OBJC_ROOT_CLASS = YES_ERROR;
				CLANG_WARN_QUOTED_INCLUDE_IN_FRAMEWORK_HEADER = YES;
				CLANG_WARN_RANGE_LOOP_ANALYSIS = YES;
				CLANG_WARN_STRICT_PROTOTYPES = YES;
				CLANG_WARN_SUSPICIOUS_MOVE = YES;
				CLANG_WARN_UNGUARDED_AVAILABILITY = YES_AGGRESSIVE;
				CLANG_WARN_UNREACHABLE_CODE = YES;
				CLANG_WARN__DUPLICATE_METHOD_MATCH = YES;
				COPY_PHASE_STRIP = NO;
				DEBUG_INFORMATION_FORMAT = "dwarf-with-dsym";
				DEVELOPMENT_TEAM = M3KH86595Z;
				ENABLE_NS_ASSERTIONS = NO;
				ENABLE_STRICT_OBJC_MSGSEND = YES;
				ENABLE_USER_SCRIPT_SANDBOXING = YES;
				GCC_C_LANGUAGE_STANDARD = gnu17;
				GCC_NO_COMMON_BLOCKS = YES;
				GCC_WARN_64_TO_32_BIT_CONVERSION = YES;
				GCC_WARN_ABOUT_RETURN_TYPE = YES_ERROR;
				GCC_WARN_UNDECLARED_SELECTOR = YES;
				GCC_WARN_UNINITIALIZED_AUTOS = YES_AGGRESSIVE;
				GCC_WARN_UNUSED_FUNCTION = YES;
				GCC_WARN_UNUSED_VARIABLE = YES;
				IPHONEOS_DEPLOYMENT_TARGET = 18.5;
				KAKAO_API_KEY = "${KAKAO_API_KEY}";
				LOCALIZATION_PREFERS_STRING_CATALOGS = YES;
				MTL_ENABLE_DEBUG_INFO = NO;
				MTL_FAST_MATH = YES;
				SDKROOT = iphoneos;
				SWIFT_COMPILATION_MODE = wholemodule;
				VALIDATE_PRODUCT = YES;
			};
			name = Release;
		};
		91AACF0C2E1F546E00861DB5 /* Debug */ = {
			isa = XCBuildConfiguration;
			buildSettings = {
				ASSETCATALOG_COMPILER_APPICON_NAME = AppIcon;
				ASSETCATALOG_COMPILER_GLOBAL_ACCENT_COLOR_NAME = AccentColor;
				CODE_SIGN_STYLE = Automatic;
				CURRENT_PROJECT_VERSION = 1;
				DEVELOPMENT_TEAM = M3KH86595Z;
				ENABLE_PREVIEWS = YES;
				GENERATE_INFOPLIST_FILE = YES;
				INFOPLIST_FILE = BookSearchApp/Info.plist;
				INFOPLIST_KEY_UIApplicationSceneManifest_Generation = YES;
				INFOPLIST_KEY_UIApplicationSupportsIndirectInputEvents = YES;
				INFOPLIST_KEY_UILaunchScreen_Generation = YES;
				INFOPLIST_KEY_UISupportedInterfaceOrientations = "UIInterfaceOrientationLandscapeLeft UIInterfaceOrientationLandscapeRight UIInterfaceOrientationPortrait";
				INFOPLIST_KEY_UISupportedInterfaceOrientations_iPad = UIInterfaceOrientationPortrait;
				IPHONEOS_DEPLOYMENT_TARGET = 16.0;
				LD_RUNPATH_SEARCH_PATHS = (
					"$(inherited)",
					"@executable_path/Frameworks",
				);
				MARKETING_VERSION = 1.0;
				PRODUCT_BUNDLE_IDENTIFIER = com.sangjin.BookSearchApp;
				PRODUCT_NAME = "$(TARGET_NAME)";
				SUPPORTED_PLATFORMS = "iphoneos iphonesimulator";
				SUPPORTS_MACCATALYST = NO;
				SUPPORTS_MAC_DESIGNED_FOR_IPHONE_IPAD = NO;
				SUPPORTS_XR_DESIGNED_FOR_IPHONE_IPAD = NO;
				SWIFT_EMIT_LOC_STRINGS = YES;
				SWIFT_VERSION = 5.0;
				TARGETED_DEVICE_FAMILY = 1;
			};
			name = Debug;
		};
		91AACF0D2E1F546E00861DB5 /* Release */ = {
			isa = XCBuildConfiguration;
			buildSettings = {
				ASSETCATALOG_COMPILER_APPICON_NAME = AppIcon;
				ASSETCATALOG_COMPILER_GLOBAL_ACCENT_COLOR_NAME = AccentColor;
				CODE_SIGN_STYLE = Automatic;
				CURRENT_PROJECT_VERSION = 1;
				DEVELOPMENT_TEAM = M3KH86595Z;
				ENABLE_PREVIEWS = YES;
				GENERATE_INFOPLIST_FILE = YES;
				INFOPLIST_FILE = BookSearchApp/Info.plist;
				INFOPLIST_KEY_UIApplicationSceneManifest_Generation = YES;
				INFOPLIST_KEY_UIApplicationSupportsIndirectInputEvents = YES;
				INFOPLIST_KEY_UILaunchScreen_Generation = YES;
				INFOPLIST_KEY_UISupportedInterfaceOrientations = "UIInterfaceOrientationLandscapeLeft UIInterfaceOrientationLandscapeRight UIInterfaceOrientationPortrait";
				INFOPLIST_KEY_UISupportedInterfaceOrientations_iPad = UIInterfaceOrientationPortrait;
				IPHONEOS_DEPLOYMENT_TARGET = 16.0;
				LD_RUNPATH_SEARCH_PATHS = (
					"$(inherited)",
					"@executable_path/Frameworks",
				);
				MARKETING_VERSION = 1.0;
				PRODUCT_BUNDLE_IDENTIFIER = com.sangjin.BookSearchApp;
				PRODUCT_NAME = "$(TARGET_NAME)";
				SUPPORTED_PLATFORMS = "iphoneos iphonesimulator";
				SUPPORTS_MACCATALYST = NO;
				SUPPORTS_MAC_DESIGNED_FOR_IPHONE_IPAD = NO;
				SUPPORTS_XR_DESIGNED_FOR_IPHONE_IPAD = NO;
				SWIFT_EMIT_LOC_STRINGS = YES;
				SWIFT_VERSION = 5.0;
				TARGETED_DEVICE_FAMILY = 1;
			};
			name = Release;
		};
		91AACF0F2E1F546E00861DB5 /* Debug */ = {
			isa = XCBuildConfiguration;
			buildSettings = {
				BUNDLE_LOADER = "$(TEST_HOST)";
				CODE_SIGN_STYLE = Automatic;
				CURRENT_PROJECT_VERSION = 1;
				DEVELOPMENT_TEAM = M3KH86595Z;
				GENERATE_INFOPLIST_FILE = YES;
				IPHONEOS_DEPLOYMENT_TARGET = 18.5;
				MARKETING_VERSION = 1.0;
				PRODUCT_BUNDLE_IDENTIFIER = com.sangjin.BookSearchAppTests;
				PRODUCT_NAME = "$(TARGET_NAME)";
				SWIFT_EMIT_LOC_STRINGS = NO;
				SWIFT_VERSION = 5.0;
				TARGETED_DEVICE_FAMILY = "1,2";
				TEST_HOST = "$(BUILT_PRODUCTS_DIR)/BookSearchApp.app/$(BUNDLE_EXECUTABLE_FOLDER_PATH)/BookSearchApp";
			};
			name = Debug;
		};
		91AACF102E1F546E00861DB5 /* Release */ = {
			isa = XCBuildConfiguration;
			buildSettings = {
				BUNDLE_LOADER = "$(TEST_HOST)";
				CODE_SIGN_STYLE = Automatic;
				CURRENT_PROJECT_VERSION = 1;
				DEVELOPMENT_TEAM = M3KH86595Z;
				GENERATE_INFOPLIST_FILE = YES;
				IPHONEOS_DEPLOYMENT_TARGET = 18.5;
				MARKETING_VERSION = 1.0;
				PRODUCT_BUNDLE_IDENTIFIER = com.sangjin.BookSearchAppTests;
				PRODUCT_NAME = "$(TARGET_NAME)";
				SWIFT_EMIT_LOC_STRINGS = NO;
				SWIFT_VERSION = 5.0;
				TARGETED_DEVICE_FAMILY = "1,2";
				TEST_HOST = "$(BUILT_PRODUCTS_DIR)/BookSearchApp.app/$(BUNDLE_EXECUTABLE_FOLDER_PATH)/BookSearchApp";
			};
			name = Release;
		};
		91AACF122E1F546E00861DB5 /* Debug */ = {
			isa = XCBuildConfiguration;
			buildSettings = {
				CODE_SIGN_STYLE = Automatic;
				CURRENT_PROJECT_VERSION = 1;
				DEVELOPMENT_TEAM = M3KH86595Z;
				GENERATE_INFOPLIST_FILE = YES;
				MARKETING_VERSION = 1.0;
				PRODUCT_BUNDLE_IDENTIFIER = com.sangjin.BookSearchAppUITests;
				PRODUCT_NAME = "$(TARGET_NAME)";
				SWIFT_EMIT_LOC_STRINGS = NO;
				SWIFT_VERSION = 5.0;
				TARGETED_DEVICE_FAMILY = "1,2";
				TEST_TARGET_NAME = BookSearchApp;
			};
			name = Debug;
		};
		91AACF132E1F546E00861DB5 /* Release */ = {
			isa = XCBuildConfiguration;
			buildSettings = {
				CODE_SIGN_STYLE = Automatic;
				CURRENT_PROJECT_VERSION = 1;
				DEVELOPMENT_TEAM = M3KH86595Z;
				GENERATE_INFOPLIST_FILE = YES;
				MARKETING_VERSION = 1.0;
				PRODUCT_BUNDLE_IDENTIFIER = com.sangjin.BookSearchAppUITests;
				PRODUCT_NAME = "$(TARGET_NAME)";
				SWIFT_EMIT_LOC_STRINGS = NO;
				SWIFT_VERSION = 5.0;
				TARGETED_DEVICE_FAMILY = "1,2";
				TEST_TARGET_NAME = BookSearchApp;
			};
			name = Release;
		};
/* End XCBuildConfiguration section */

/* Begin XCConfigurationList section */
		91AACEE02E1F546C00861DB5 /* Build configuration list for PBXProject "BookSearchApp" */ = {
			isa = XCConfigurationList;
			buildConfigurations = (
				91AACF092E1F546E00861DB5 /* Debug */,
				91AACF0A2E1F546E00861DB5 /* Release */,
			);
			defaultConfigurationIsVisible = 0;
			defaultConfigurationName = Release;
		};
		91AACF0B2E1F546E00861DB5 /* Build configuration list for PBXNativeTarget "BookSearchApp" */ = {
			isa = XCConfigurationList;
			buildConfigurations = (
				91AACF0C2E1F546E00861DB5 /* Debug */,
				91AACF0D2E1F546E00861DB5 /* Release */,
			);
			defaultConfigurationIsVisible = 0;
			defaultConfigurationName = Release;
		};
		91AACF0E2E1F546E00861DB5 /* Build configuration list for PBXNativeTarget "BookSearchAppTests" */ = {
			isa = XCConfigurationList;
			buildConfigurations = (
				91AACF0F2E1F546E00861DB5 /* Debug */,
				91AACF102E1F546E00861DB5 /* Release */,
			);
			defaultConfigurationIsVisible = 0;
			defaultConfigurationName = Release;
		};
		91AACF112E1F546E00861DB5 /* Build configuration list for PBXNativeTarget "BookSearchAppUITests" */ = {
			isa = XCConfigurationList;
			buildConfigurations = (
				91AACF122E1F546E00861DB5 /* Debug */,
				91AACF132E1F546E00861DB5 /* Release */,
			);
			defaultConfigurationIsVisible = 0;
			defaultConfigurationName = Release;
		};
/* End XCConfigurationList section */

/* Begin XCRemoteSwiftPackageReference section */
		91AACF292E1FB88100861DB5 /* XCRemoteSwiftPackageReference "RxSwift" */ = {
			isa = XCRemoteSwiftPackageReference;
			repositoryURL = "https://github.com/ReactiveX/RxSwift.git";
			requirement = {
				kind = upToNextMajorVersion;
				minimumVersion = 6.9.0;
			};
		};
/* End XCRemoteSwiftPackageReference section */

/* Begin XCSwiftPackageProductDependency section */
		91AACF2A2E1FB88100861DB5 /* RxBlocking */ = {
			isa = XCSwiftPackageProductDependency;
			package = 91AACF292E1FB88100861DB5 /* XCRemoteSwiftPackageReference "RxSwift" */;
			productName = RxBlocking;
		};
		91AACF2C2E1FB88100861DB5 /* RxCocoa */ = {
			isa = XCSwiftPackageProductDependency;
			package = 91AACF292E1FB88100861DB5 /* XCRemoteSwiftPackageReference "RxSwift" */;
			productName = RxCocoa;
		};
		91AACF2E2E1FB88100861DB5 /* RxRelay */ = {
			isa = XCSwiftPackageProductDependency;
			package = 91AACF292E1FB88100861DB5 /* XCRemoteSwiftPackageReference "RxSwift" */;
			productName = RxRelay;
		};
/* End XCSwiftPackageProductDependency section */
	};
	rootObject = 91AACEDD2E1F546C00861DB5 /* Project object */;
}
